
Microsoft Visual Studio Solution File, Format Version 12.00
# Visual Studio Version 17
VisualStudioVersion = 17.1.32328.378
MinimumVisualStudioVersion = 10.0.40219.1
Project("{FAE04EC0-301F-11D3-BF4B-00C04F79EFBC}") = "CantinaUnitBV", "CantinaUnitBV\CantinaUnitBV.csproj", "{9EABDE91-4AA7-4D90-819B-964175CA1FFC}"
EndProject
Global
	GlobalSection(SolutionConfigurationPlatforms) = preSolution
		Debug|Any CPU = Debug|Any CPU
		Release|Any CPU = Release|Any CPU
	EndGlobalSection
	GlobalSection(ProjectConfigurationPlatforms) = postSolution
		{9EABDE91-4AA7-4D90-819B-964175CA1FFC}.Debug|Any CPU.ActiveCfg = Debug|Any CPU
		{9EABDE91-4AA7-4D90-819B-964175CA1FFC}.Debug|Any CPU.Build.0 = Debug|Any CPU
		{9EABDE91-4AA7-4D90-819B-964175CA1FFC}.Release|Any CPU.ActiveCfg = Release|Any CPU
		{9EABDE91-4AA7-4D90-819B-964175CA1FFC}.Release|Any CPU.Build.0 = Release|Any CPU
	EndGlobalSection
	GlobalSection(SolutionProperties) = preSolution
		HideSolutionNode = FALSE
	EndGlobalSection
	GlobalSection(ExtensibilityGlobals) = postSolution
		SolutionGuid = {02CE840A-BDAF-4EFA-B0B9-2723B29BF38F}
	EndGlobalSection
EndGlobal
